
Microsoft Visual Studio Solution File, Format Version 12.00
# Visual Studio Version 17
VisualStudioVersion = 17.10.35004.147
MinimumVisualStudioVersion = 10.0.40219.1
Project("{FAE04EC0-301F-11D3-BF4B-00C04F79EFBC}") = "Adapter", "Adapter.csproj", "{DFB0D957-5711-445B-A51D-0C9E59BE0675}"
EndProject
Project("{FAE04EC0-301F-11D3-BF4B-00C04F79EFBC}") = "PayrollSystem", "..\PayrollSystem\PayrollSystem.csproj", "{801CBCBD-2503-4546-9ECE-0090D8239813}"
EndProject
Global
	GlobalSection(SolutionConfigurationPlatforms) = preSolution
		Debug|Any CPU = Debug|Any CPU
		Release|Any CPU = Release|Any CPU
	EndGlobalSection
	GlobalSection(ProjectConfigurationPlatforms) = postSolution
		{DFB0D957-5711-445B-A51D-0C9E59BE0675}.Debug|Any CPU.ActiveCfg = Debug|Any CPU
		{DFB0D957-5711-445B-A51D-0C9E59BE0675}.Debug|Any CPU.Build.0 = Debug|Any CPU
		{DFB0D957-5711-445B-A51D-0C9E59BE0675}.Release|Any CPU.ActiveCfg = Release|Any CPU
		{DFB0D957-5711-445B-A51D-0C9E59BE0675}.Release|Any CPU.Build.0 = Release|Any CPU
		{801CBCBD-2503-4546-9ECE-0090D8239813}.Debug|Any CPU.ActiveCfg = Debug|Any CPU
		{801CBCBD-2503-4546-9ECE-0090D8239813}.Debug|Any CPU.Build.0 = Debug|Any CPU
		{801CBCBD-2503-4546-9ECE-0090D8239813}.Release|Any CPU.ActiveCfg = Release|Any CPU
		{801CBCBD-2503-4546-9ECE-0090D8239813}.Release|Any CPU.Build.0 = Release|Any CPU
	EndGlobalSection
	GlobalSection(SolutionProperties) = preSolution
		HideSolutionNode = FALSE
	EndGlobalSection
	GlobalSection(ExtensibilityGlobals) = postSolution
		SolutionGuid = {E9E67654-18AB-4B30-AE5E-BE1A2B8FDD0A}
	EndGlobalSection
EndGlobal
